PODS:
  - SkyFloatingLabelTextField (3.8.0)

DEPENDENCIES:
  - SkyFloatingLabelTextField (~> 3.0)

SPEC REPOS:
  trunk:
    - SkyFloatingLabelTextField

SPEC CHECKSUMS:
  SkyFloatingLabelTextField: 5a338412114808e961fe2d14ea2c5452c8b6e4aa

PODFILE CHECKSUM: 9113fdcc2ed9db172cefad7e8b2c652ebf1bc48b

COCOAPODS: 1.8.4
