PODS:
  - Alamofire (5.0.2)
  - InputMask (5.0.0)
  - Kingfisher (5.13.1):
    - Kingfisher/Core (= 5.13.1)
  - Kingfisher/Core (5.13.1)
  - Moya (14.0.0):
    - Moya/Core (= 14.0.0)
  - Moya/Core (14.0.0):
    - Alamofire (~> 5.0)
  - ObjectMapper (3.5.1)
  - SkyFloatingLabelTextField (3.8.0)

DEPENDENCIES:
  - InputMask
  - Kingfisher
  - Moya
  - ObjectMapper
  - SkyFloatingLabelTextField (~> 3.0)

SPEC REPOS:
  trunk:
    - Alamofire
    - InputMask
    - Kingfisher
    - Moya
    - ObjectMapper
    - SkyFloatingLabelTextField

SPEC CHECKSUMS:
  Alamofire: 3ba7a4db18b4f62c4a1c0e1cb39d7f3d52e10ada
  InputMask: 8a10dbc8ac3f94f0a5b4c380424bbe6795c69b16
  Kingfisher: f33a848445e33c543620812158dc5d47f6bf90df
  Moya: 5b45dacb75adb009f97fde91c204c1e565d31916
  ObjectMapper: 70187b8941977c62ccfb423caf6b50be405cabf0
  SkyFloatingLabelTextField: 5a338412114808e961fe2d14ea2c5452c8b6e4aa

PODFILE CHECKSUM: b5fe37358f95b1a876b258c7918dee6720f58399

COCOAPODS: 1.8.4
