// !$*UTF8*$!
{
	archiveVersion = 1;
	classes = {
	};
	objectVersion = 51;
	objects = {

/* Begin PBXBuildFile section */
		A066A28024064E0D00AA20FA /* AppDelegate.swift in Sources */ = {isa = PBXBuildFile; fileRef = A066A27F24064E0D00AA20FA /* AppDelegate.swift */; };
		A066A28224064E0D00AA20FA /* SceneDelegate.swift in Sources */ = {isa = PBXBuildFile; fileRef = A066A28124064E0D00AA20FA /* SceneDelegate.swift */; };
		A066A28424064E0D00AA20FA /* ViewController.swift in Sources */ = {isa = PBXBuildFile; fileRef = A066A28324064E0D00AA20FA /* ViewController.swift */; };
		A066A28724064E0D00AA20FA /* Main.storyboard in Resources */ = {isa = PBXBuildFile; fileRef = A066A28524064E0D00AA20FA /* Main.storyboard */; };
		A066A28924064E1000AA20FA /* Assets.xcassets in Resources */ = {isa = PBXBuildFile; fileRef = A066A28824064E1000AA20FA /* Assets.xcassets */; };
		A066A28C24064E1000AA20FA /* LaunchScreen.storyboard in Resources */ = {isa = PBXBuildFile; fileRef = A066A28A24064E1000AA20FA /* LaunchScreen.storyboard */; };
		A066A29424068C7400AA20FA /* CodeModel.swift in Sources */ = {isa = PBXBuildFile; fileRef = A066A29324068C7400AA20FA /* CodeModel.swift */; };
		A066A29624069ADA00AA20FA /* CodeAPI.swift in Sources */ = {isa = PBXBuildFile; fileRef = A066A29524069ADA00AA20FA /* CodeAPI.swift */; };
		A066A2982406A8A900AA20FA /* CountryCodeViewController.swift in Sources */ = {isa = PBXBuildFile; fileRef = A066A2972406A8A900AA20FA /* CountryCodeViewController.swift */; };
		A066A29B2406A8C200AA20FA /* CountryCodeTableViewCell.swift in Sources */ = {isa = PBXBuildFile; fileRef = A066A2992406A8C200AA20FA /* CountryCodeTableViewCell.swift */; };
		A066A29C2406A8C200AA20FA /* CountryCodeTableViewCell.xib in Resources */ = {isa = PBXBuildFile; fileRef = A066A29A2406A8C200AA20FA /* CountryCodeTableViewCell.xib */; };
		B1DF020D16AF92739195967E /* Pods_PhoneVerification.framework in Frameworks */ = {isa = PBXBuildFile; fileRef = 8FD07792EDB4B791594DC537 /* Pods_PhoneVerification.framework */; };
		F40EBADC240E39B100E4FC6A /* smsCodeModel.swift in Sources */ = {isa = PBXBuildFile; fileRef = F40EBADB240E39B100E4FC6A /* smsCodeModel.swift */; };
/* End PBXBuildFile section */

/* Begin PBXFileReference section */
		0332F16D238EF9FD0AAFE682 /* Pods-PhoneVerification.release.xcconfig */ = {isa = PBXFileReference; includeInIndex = 1; lastKnownFileType = text.xcconfig; name = "Pods-PhoneVerification.release.xcconfig"; path = "Target Support Files/Pods-PhoneVerification/Pods-PhoneVerification.release.xcconfig"; sourceTree = "<group>"; };
		8FD07792EDB4B791594DC537 /* Pods_PhoneVerification.framework */ = {isa = PBXFileReference; explicitFileType = wrapper.framework; includeInIndex = 0; path = Pods_PhoneVerification.framework; sourceTree = BUILT_PRODUCTS_DIR; };
		A066A27C24064E0D00AA20FA /* PhoneVerification.app */ = {isa = PBXFileReference; explicitFileType = wrapper.application; includeInIndex = 0; path = PhoneVerification.app; sourceTree = BUILT_PRODUCTS_DIR; };
		A066A27F24064E0D00AA20FA /* AppDelegate.swift */ = {isa = PBXFileReference; lastKnownFileType = sourcecode.swift; path = AppDelegate.swift; sourceTree = "<group>"; };
		A066A28124064E0D00AA20FA /* SceneDelegate.swift */ = {isa = PBXFileReference; lastKnownFileType = sourcecode.swift; path = SceneDelegate.swift; sourceTree = "<group>"; };
		A066A28324064E0D00AA20FA /* ViewController.swift */ = {isa = PBXFileReference; lastKnownFileType = sourcecode.swift; path = ViewController.swift; sourceTree = "<group>"; };
		A066A28624064E0D00AA20FA /* Base */ = {isa = PBXFileReference; lastKnownFileType = file.storyboard; name = Base; path = Base.lproj/Main.storyboard; sourceTree = "<group>"; };
		A066A28824064E1000AA20FA /* Assets.xcassets */ = {isa = PBXFileReference; lastKnownFileType = folder.assetcatalog; path = Assets.xcassets; sourceTree = "<group>"; };
		A066A28B24064E1000AA20FA /* Base */ = {isa = PBXFileReference; lastKnownFileType = file.storyboard; name = Base; path = Base.lproj/LaunchScreen.storyboard; sourceTree = "<group>"; };
		A066A28D24064E1000AA20FA /* Info.plist */ = {isa = PBXFileReference; lastKnownFileType = text.plist.xml; path = Info.plist; sourceTree = "<group>"; };
		A066A29324068C7400AA20FA /* CodeModel.swift */ = {isa = PBXFileReference; lastKnownFileType = sourcecode.swift; path = CodeModel.swift; sourceTree = "<group>"; };
		A066A29524069ADA00AA20FA /* CodeAPI.swift */ = {isa = PBXFileReference; lastKnownFileType = sourcecode.swift; path = CodeAPI.swift; sourceTree = "<group>"; };
		A066A2972406A8A900AA20FA /* CountryCodeViewController.swift */ = {isa = PBXFileReference; lastKnownFileType = sourcecode.swift; path = CountryCodeViewController.swift; sourceTree = "<group>"; };
		A066A2992406A8C200AA20FA /* CountryCodeTableViewCell.swift */ = {isa = PBXFileReference; lastKnownFileType = sourcecode.swift; path = CountryCodeTableViewCell.swift; sourceTree = "<group>"; };
		A066A29A2406A8C200AA20FA /* CountryCodeTableViewCell.xib */ = {isa = PBXFileReference; lastKnownFileType = file.xib; path = CountryCodeTableViewCell.xib; sourceTree = "<group>"; };
		D46C0937049EFA4D00EF1BCE /* Pods-PhoneVerification.debug.xcconfig */ = {isa = PBXFileReference; includeInIndex = 1; lastKnownFileType = text.xcconfig; name = "Pods-PhoneVerification.debug.xcconfig"; path = "Target Support Files/Pods-PhoneVerification/Pods-PhoneVerification.debug.xcconfig"; sourceTree = "<group>"; };
		F40EBADB240E39B100E4FC6A /* smsCodeModel.swift */ = {isa = PBXFileReference; lastKnownFileType = sourcecode.swift; path = smsCodeModel.swift; sourceTree = "<group>"; };
/* End PBXFileReference section */

/* Begin PBXFrameworksBuildPhase section */
		A066A27924064E0D00AA20FA /* Frameworks */ = {
			isa = PBXFrameworksBuildPhase;
			buildActionMask = 2147483647;
			files = (
				B1DF020D16AF92739195967E /* Pods_PhoneVerification.framework in Frameworks */,
			);
			runOnlyForDeploymentPostprocessing = 0;
		};
/* End PBXFrameworksBuildPhase section */

/* Begin PBXGroup section */
		88F844E971A62D5734C231DD /* Frameworks */ = {
			isa = PBXGroup;
			children = (
				8FD07792EDB4B791594DC537 /* Pods_PhoneVerification.framework */,
			);
			name = Frameworks;
			sourceTree = "<group>";
		};
		A066A27324064E0D00AA20FA = {
			isa = PBXGroup;
			children = (
				A066A27E24064E0D00AA20FA /* PhoneVerification */,
				A066A27D24064E0D00AA20FA /* Products */,
				CCCECFC1C98B29DB861C2D27 /* Pods */,
				88F844E971A62D5734C231DD /* Frameworks */,
			);
			sourceTree = "<group>";
		};
		A066A27D24064E0D00AA20FA /* Products */ = {
			isa = PBXGroup;
			children = (
				A066A27C24064E0D00AA20FA /* PhoneVerification.app */,
			);
			name = Products;
			sourceTree = "<group>";
		};
		A066A27E24064E0D00AA20FA /* PhoneVerification */ = {
			isa = PBXGroup;
			children = (
				A066A27F24064E0D00AA20FA /* AppDelegate.swift */,
				A066A28124064E0D00AA20FA /* SceneDelegate.swift */,
				F40EBADE240E3A4B00E4FC6A /* Controllers */,
				F40EBADD240E3A3800E4FC6A /* Model */,
				A066A28524064E0D00AA20FA /* Main.storyboard */,
				A066A28824064E1000AA20FA /* Assets.xcassets */,
				A066A28A24064E1000AA20FA /* LaunchScreen.storyboard */,
				A066A28D24064E1000AA20FA /* Info.plist */,
				A066A29524069ADA00AA20FA /* CodeAPI.swift */,
				A066A2992406A8C200AA20FA /* CountryCodeTableViewCell.swift */,
				A066A29A2406A8C200AA20FA /* CountryCodeTableViewCell.xib */,
			);
			path = PhoneVerification;
			sourceTree = "<group>";
		};
		CCCECFC1C98B29DB861C2D27 /* Pods */ = {
			isa = PBXGroup;
			children = (
				D46C0937049EFA4D00EF1BCE /* Pods-PhoneVerification.debug.xcconfig */,
				0332F16D238EF9FD0AAFE682 /* Pods-PhoneVerification.release.xcconfig */,
			);
			path = Pods;
			sourceTree = "<group>";
		};
		F40EBADD240E3A3800E4FC6A /* Model */ = {
			isa = PBXGroup;
			children = (
				F40EBADB240E39B100E4FC6A /* smsCodeModel.swift */,
				A066A29324068C7400AA20FA /* CodeModel.swift */,
			);
			path = Model;
			sourceTree = "<group>";
		};
		F40EBADE240E3A4B00E4FC6A /* Controllers */ = {
			isa = PBXGroup;
			children = (
				A066A28324064E0D00AA20FA /* ViewController.swift */,
				A066A2972406A8A900AA20FA /* CountryCodeViewController.swift */,
			);
			path = Controllers;
			sourceTree = "<group>";
		};
/* End PBXGroup section */

/* Begin PBXNativeTarget section */
		A066A27B24064E0D00AA20FA /* PhoneVerification */ = {
			isa = PBXNativeTarget;
			buildConfigurationList = A066A29024064E1000AA20FA /* Build configuration list for PBXNativeTarget "PhoneVerification" */;
			buildPhases = (
				58FF5F7C2A6074F05AB69808 /* [CP] Check Pods Manifest.lock */,
				A066A27824064E0D00AA20FA /* Sources */,
				A066A27924064E0D00AA20FA /* Frameworks */,
				A066A27A24064E0D00AA20FA /* Resources */,
				13F7D4EAA33C586D8DF8A16C /* [CP] Embed Pods Frameworks */,
			);
			buildRules = (
			);
			dependencies = (
			);
			name = PhoneVerification;
			productName = PhoneVerification;
			productReference = A066A27C24064E0D00AA20FA /* PhoneVerification.app */;
			productType = "com.apple.product-type.application";
		};
/* End PBXNativeTarget section */

/* Begin PBXProject section */
		A066A27424064E0D00AA20FA /* Project object */ = {
			isa = PBXProject;
			attributes = {
				LastSwiftUpdateCheck = 1120;
				LastUpgradeCheck = 1120;
				ORGANIZATIONNAME = "Diana Samusenka";
				TargetAttributes = {
					A066A27B24064E0D00AA20FA = {
						CreatedOnToolsVersion = 11.2;
					};
				};
			};
			buildConfigurationList = A066A27724064E0D00AA20FA /* Build configuration list for PBXProject "PhoneVerification" */;
			compatibilityVersion = "Xcode 9.3";
			developmentRegion = en;
			hasScannedForEncodings = 0;
			knownRegions = (
				en,
				Base,
			);
			mainGroup = A066A27324064E0D00AA20FA;
			productRefGroup = A066A27D24064E0D00AA20FA /* Products */;
			projectDirPath = "";
			projectRoot = "";
			targets = (
				A066A27B24064E0D00AA20FA /* PhoneVerification */,
			);
		};
/* End PBXProject section */

/* Begin PBXResourcesBuildPhase section */
		A066A27A24064E0D00AA20FA /* Resources */ = {
			isa = PBXResourcesBuildPhase;
			buildActionMask = 2147483647;
			files = (
				A066A28C24064E1000AA20FA /* LaunchScreen.storyboard in Resources */,
				A066A28924064E1000AA20FA /* Assets.xcassets in Resources */,
				A066A28724064E0D00AA20FA /* Main.storyboard in Resources */,
				A066A29C2406A8C200AA20FA /* CountryCodeTableViewCell.xib in Resources */,
			);
			runOnlyForDeploymentPostprocessing = 0;
		};
/* End PBXResourcesBuildPhase section */

/* Begin PBXShellScriptBuildPhase section */
		13F7D4EAA33C586D8DF8A16C /* [CP] Embed Pods Frameworks */ = {
			isa = PBXShellScriptBuildPhase;
			buildActionMask = 2147483647;
			files = (
			);
			inputFileListPaths = (
				"${PODS_ROOT}/Target Support Files/Pods-PhoneVerification/Pods-PhoneVerification-frameworks-${CONFIGURATION}-input-files.xcfilelist",
			);
			name = "[CP] Embed Pods Frameworks";
			outputFileListPaths = (
				"${PODS_ROOT}/Target Support Files/Pods-PhoneVerification/Pods-PhoneVerification-frameworks-${CONFIGURATION}-output-files.xcfilelist",
			);
			runOnlyForDeploymentPostprocessing = 0;
			shellPath = /bin/sh;
			shellScript = "\"${PODS_ROOT}/Target Support Files/Pods-PhoneVerification/Pods-PhoneVerification-frameworks.sh\"\n";
			showEnvVarsInLog = 0;
		};
		58FF5F7C2A6074F05AB69808 /* [CP] Check Pods Manifest.lock */ = {
			isa = PBXShellScriptBuildPhase;
			buildActionMask = 2147483647;
			files = (
			);
			inputFileListPaths = (
			);
			inputPaths = (
				"${PODS_PODFILE_DIR_PATH}/Podfile.lock",
				"${PODS_ROOT}/Manifest.lock",
			);
			name = "[CP] Check Pods Manifest.lock";
			outputFileListPaths = (
			);
			outputPaths = (
				"$(DERIVED_FILE_DIR)/Pods-PhoneVerification-checkManifestLockResult.txt",
			);
			runOnlyForDeploymentPostprocessing = 0;
			shellPath = /bin/sh;
			shellScript = "diff \"${PODS_PODFILE_DIR_PATH}/Podfile.lock\" \"${PODS_ROOT}/Manifest.lock\" > /dev/null\nif [ $? != 0 ] ; then\n    # print error to STDERR\n    echo \"error: The sandbox is not in sync with the Podfile.lock. Run 'pod install' or update your CocoaPods installation.\" >&2\n    exit 1\nfi\n# This output is used by Xcode 'outputs' to avoid re-running this script phase.\necho \"SUCCESS\" > \"${SCRIPT_OUTPUT_FILE_0}\"\n";
			showEnvVarsInLog = 0;
		};
/* End PBXShellScriptBuildPhase section */

/* Begin PBXSourcesBuildPhase section */
		A066A27824064E0D00AA20FA /* Sources */ = {
			isa = PBXSourcesBuildPhase;
			buildActionMask = 2147483647;
			files = (
				A066A28424064E0D00AA20FA /* ViewController.swift in Sources */,
				A066A28024064E0D00AA20FA /* AppDelegate.swift in Sources */,
				A066A2982406A8A900AA20FA /* CountryCodeViewController.swift in Sources */,
				A066A29424068C7400AA20FA /* CodeModel.swift in Sources */,
				F40EBADC240E39B100E4FC6A /* smsCodeModel.swift in Sources */,
				A066A29624069ADA00AA20FA /* CodeAPI.swift in Sources */,
				A066A28224064E0D00AA20FA /* SceneDelegate.swift in Sources */,
				A066A29B2406A8C200AA20FA /* CountryCodeTableViewCell.swift in Sources */,
			);
			runOnlyForDeploymentPostprocessing = 0;
		};
/* End PBXSourcesBuildPhase section */

/* Begin PBXVariantGroup section */
		A066A28524064E0D00AA20FA /* Main.storyboard */ = {
			isa = PBXVariantGroup;
			children = (
				A066A28624064E0D00AA20FA /* Base */,
			);
			name = Main.storyboard;
			sourceTree = "<group>";
		};
		A066A28A24064E1000AA20FA /* LaunchScreen.storyboard */ = {
			isa = PBXVariantGroup;
			children = (
				A066A28B24064E1000AA20FA /* Base */,
			);
			name = LaunchScreen.storyboard;
			sourceTree = "<group>";
		};
/* End PBXVariantGroup section */

/* Begin XCBuildConfiguration section */
		A066A28E24064E1000AA20FA /* Debug */ = {
			isa = XCBuildConfiguration;
			buildSettings = {
				ALWAYS_SEARCH_USER_PATHS = NO;
				CLANG_ANALYZER_NONNULL = YES;
				CLANG_ANALYZER_NUMBER_OBJECT_CONVERSION = YES_AGGRESSIVE;
				CLANG_CXX_LANGUAGE_STANDARD = "gnu++14";
				CLANG_CXX_LIBRARY = "libc++";
				CLANG_ENABLE_MODULES = YES;
				CLANG_ENABLE_OBJC_ARC = YES;
				CLANG_ENABLE_OBJC_WEAK = YES;
				CLANG_WARN_BLOCK_CAPTURE_AUTORELEASING = YES;
				CLANG_WARN_BOOL_CONVERSION = YES;
				CLANG_WARN_COMMA = YES;
				CLANG_WARN_CONSTANT_CONVERSION = YES;
				CLANG_WARN_DEPRECATED_OBJC_IMPLEMENTATIONS = YES;
				CLANG_WARN_DIRECT_OBJC_ISA_USAGE = YES_ERROR;
				CLANG_WARN_DOCUMENTATION_COMMENTS = YES;
				CLANG_WARN_EMPTY_BODY = YES;
				CLANG_WARN_ENUM_CONVERSION = YES;
				CLANG_WARN_INFINITE_RECURSION = YES;
				CLANG_WARN_INT_CONVERSION = YES;
				CLANG_WARN_NON_LITERAL_NULL_CONVERSION = YES;
				CLANG_WARN_OBJC_IMPLICIT_RETAIN_SELF = YES;
				CLANG_WARN_OBJC_LITERAL_CONVERSION = YES;
				CLANG_WARN_OBJC_ROOT_CLASS = YES_ERROR;
				CLANG_WARN_RANGE_LOOP_ANALYSIS = YES;
				CLANG_WARN_STRICT_PROTOTYPES = YES;
				CLANG_WARN_SUSPICIOUS_MOVE = YES;
				CLANG_WARN_UNGUARDED_AVAILABILITY = YES_AGGRESSIVE;
				CLANG_WARN_UNREACHABLE_CODE = YES;
				CLANG_WARN__DUPLICATE_METHOD_MATCH = YES;
				COPY_PHASE_STRIP = NO;
				DEBUG_INFORMATION_FORMAT = dwarf;
				ENABLE_STRICT_OBJC_MSGSEND = YES;
				ENABLE_TESTABILITY = YES;
				GCC_C_LANGUAGE_STANDARD = gnu11;
				GCC_DYNAMIC_NO_PIC = NO;
				GCC_NO_COMMON_BLOCKS = YES;
				GCC_OPTIMIZATION_LEVEL = 0;
				GCC_PREPROCESSOR_DEFINITIONS = (
					"DEBUG=1",
					"$(inherited)",
				);
				GCC_WARN_64_TO_32_BIT_CONVERSION = YES;
				GCC_WARN_ABOUT_RETURN_TYPE = YES_ERROR;
				GCC_WARN_UNDECLARED_SELECTOR = YES;
				GCC_WARN_UNINITIALIZED_AUTOS = YES_AGGRESSIVE;
				GCC_WARN_UNUSED_FUNCTION = YES;
				GCC_WARN_UNUSED_VARIABLE = YES;
				IPHONEOS_DEPLOYMENT_TARGET = 13.2;
				MTL_ENABLE_DEBUG_INFO = INCLUDE_SOURCE;
				MTL_FAST_MATH = YES;
				ONLY_ACTIVE_ARCH = YES;
				SDKROOT = iphoneos;
				SWIFT_ACTIVE_COMPILATION_CONDITIONS = DEBUG;
				SWIFT_OPTIMIZATION_LEVEL = "-Onone";
			};
			name = Debug;
		};
		A066A28F24064E1000AA20FA /* Release */ = {
			isa = XCBuildConfiguration;
			buildSettings = {
				ALWAYS_SEARCH_USER_PATHS = NO;
				CLANG_ANALYZER_NONNULL = YES;
				CLANG_ANALYZER_NUMBER_OBJECT_CONVERSION = YES_AGGRESSIVE;
				CLANG_CXX_LANGUAGE_STANDARD = "gnu++14";
				CLANG_CXX_LIBRARY = "libc++";
				CLANG_ENABLE_MODULES = YES;
				CLANG_ENABLE_OBJC_ARC = YES;
				CLANG_ENABLE_OBJC_WEAK = YES;
				CLANG_WARN_BLOCK_CAPTURE_AUTORELEASING = YES;
				CLANG_WARN_BOOL_CONVERSION = YES;
				CLANG_WARN_COMMA = YES;
				CLANG_WARN_CONSTANT_CONVERSION = YES;
				CLANG_WARN_DEPRECATED_OBJC_IMPLEMENTATIONS = YES;
				CLANG_WARN_DIRECT_OBJC_ISA_USAGE = YES_ERROR;
				CLANG_WARN_DOCUMENTATION_COMMENTS = YES;
				CLANG_WARN_EMPTY_BODY = YES;
				CLANG_WARN_ENUM_CONVERSION = YES;
				CLANG_WARN_INFINITE_RECURSION = YES;
				CLANG_WARN_INT_CONVERSION = YES;
				CLANG_WARN_NON_LITERAL_NULL_CONVERSION = YES;
				CLANG_WARN_OBJC_IMPLICIT_RETAIN_SELF = YES;
				CLANG_WARN_OBJC_LITERAL_CONVERSION = YES;
				CLANG_WARN_OBJC_ROOT_CLASS = YES_ERROR;
				CLANG_WARN_RANGE_LOOP_ANALYSIS = YES;
				CLANG_WARN_STRICT_PROTOTYPES = YES;
				CLANG_WARN_SUSPICIOUS_MOVE = YES;
				CLANG_WARN_UNGUARDED_AVAILABILITY = YES_AGGRESSIVE;
				CLANG_WARN_UNREACHABLE_CODE = YES;
				CLANG_WARN__DUPLICATE_METHOD_MATCH = YES;
				COPY_PHASE_STRIP = NO;
				DEBUG_INFORMATION_FORMAT = "dwarf-with-dsym";
				ENABLE_NS_ASSERTIONS = NO;
				ENABLE_STRICT_OBJC_MSGSEND = YES;
				GCC_C_LANGUAGE_STANDARD = gnu11;
				GCC_NO_COMMON_BLOCKS = YES;
				GCC_WARN_64_TO_32_BIT_CONVERSION = YES;
				GCC_WARN_ABOUT_RETURN_TYPE = YES_ERROR;
				GCC_WARN_UNDECLARED_SELECTOR = YES;
				GCC_WARN_UNINITIALIZED_AUTOS = YES_AGGRESSIVE;
				GCC_WARN_UNUSED_FUNCTION = YES;
				GCC_WARN_UNUSED_VARIABLE = YES;
				IPHONEOS_DEPLOYMENT_TARGET = 13.2;
				MTL_ENABLE_DEBUG_INFO = NO;
				MTL_FAST_MATH = YES;
				SDKROOT = iphoneos;
				SWIFT_COMPILATION_MODE = wholemodule;
				SWIFT_OPTIMIZATION_LEVEL = "-O";
				VALIDATE_PRODUCT = YES;
			};
			name = Release;
		};
		A066A29124064E1000AA20FA /* Debug */ = {
			isa = XCBuildConfiguration;
			baseConfigurationReference = D46C0937049EFA4D00EF1BCE /* Pods-PhoneVerification.debug.xcconfig */;
			buildSettings = {
				ASSETCATALOG_COMPILER_APPICON_NAME = AppIcon;
				CODE_SIGN_STYLE = Automatic;
				DEVELOPMENT_TEAM = BMB89U7869;
				INFOPLIST_FILE = PhoneVerification/Info.plist;
				LD_RUNPATH_SEARCH_PATHS = (
					"$(inherited)",
					"@executable_path/Frameworks",
				);
				PRODUCT_BUNDLE_IDENTIFIER = com.dianasamusenka.PhoneVerification;
				PRODUCT_NAME = "$(TARGET_NAME)";
				SWIFT_VERSION = 5.0;
				TARGETED_DEVICE_FAMILY = "1,2";
			};
			name = Debug;
		};
		A066A29224064E1000AA20FA /* Release */ = {
			isa = XCBuildConfiguration;
			baseConfigurationReference = 0332F16D238EF9FD0AAFE682 /* Pods-PhoneVerification.release.xcconfig */;
			buildSettings = {
				ASSETCATALOG_COMPILER_APPICON_NAME = AppIcon;
				CODE_SIGN_STYLE = Automatic;
				DEVELOPMENT_TEAM = BMB89U7869;
				INFOPLIST_FILE = PhoneVerification/Info.plist;
				LD_RUNPATH_SEARCH_PATHS = (
					"$(inherited)",
					"@executable_path/Frameworks",
				);
				PRODUCT_BUNDLE_IDENTIFIER = com.dianasamusenka.PhoneVerification;
				PRODUCT_NAME = "$(TARGET_NAME)";
				SWIFT_VERSION = 5.0;
				TARGETED_DEVICE_FAMILY = "1,2";
			};
			name = Release;
		};
/* End XCBuildConfiguration section */

/* Begin XCConfigurationList section */
		A066A27724064E0D00AA20FA /* Build configuration list for PBXProject "PhoneVerification" */ = {
			isa = XCConfigurationList;
			buildConfigurations = (
				A066A28E24064E1000AA20FA /* Debug */,
				A066A28F24064E1000AA20FA /* Release */,
			);
			defaultConfigurationIsVisible = 0;
			defaultConfigurationName = Release;
		};
		A066A29024064E1000AA20FA /* Build configuration list for PBXNativeTarget "PhoneVerification" */ = {
			isa = XCConfigurationList;
			buildConfigurations = (
				A066A29124064E1000AA20FA /* Debug */,
				A066A29224064E1000AA20FA /* Release */,
			);
			defaultConfigurationIsVisible = 0;
			defaultConfigurationName = Release;
		};
/* End XCConfigurationList section */
	};
	rootObject = A066A27424064E0D00AA20FA /* Project object */;
}
